// !$*UTF8*$!
{
	archiveVersion = 1;
	classes = {
	};
	objectVersion = 51;
	objects = {

/* Begin PBXBuildFile section */
		69E8D24680E715BC400CBB07 /* Pods_kdkdkdd.framework in Frameworks */ = {isa = PBXBuildFile; fileRef = 125B3A836521FA770748DEB0 /* Pods_kdkdkdd.framework */; };
		825A0DC4230587690019769E /* AppDelegate.swift in Sources */ = {isa = PBXBuildFile; fileRef = 825A0DC3230587690019769E /* AppDelegate.swift */; };
		825A0DC6230587690019769E /* ViewController.swift in Sources */ = {isa = PBXBuildFile; fileRef = 825A0DC5230587690019769E /* ViewController.swift */; };
		825A0DC9230587690019769E /* Main.storyboard in Resources */ = {isa = PBXBuildFile; fileRef = 825A0DC7230587690019769E /* Main.storyboard */; };
		825A0DCB2305876B0019769E /* Assets.xcassets in Resources */ = {isa = PBXBuildFile; fileRef = 825A0DCA2305876B0019769E /* Assets.xcassets */; };
		825A0DCE2305876B0019769E /* LaunchScreen.storyboard in Resources */ = {isa = PBXBuildFile; fileRef = 825A0DCC2305876B0019769E /* LaunchScreen.storyboard */; };
/* End PBXBuildFile section */

/* Begin PBXFileReference section */
		125B3A836521FA770748DEB0 /* Pods_kdkdkdd.framework */ = {isa = PBXFileReference; explicitFileType = wrapper.framework; includeInIndex = 0; path = Pods_kdkdkdd.framework; sourceTree = BUILT_PRODUCTS_DIR; };
		824A57D12305E0D7002C0440 /* kdkdkdd.entitlements */ = {isa = PBXFileReference; lastKnownFileType = text.plist.entitlements; path = kdkdkdd.entitlements; sourceTree = "<group>"; };
		825A0DC0230587690019769E /* kdkdkdd.app */ = {isa = PBXFileReference; explicitFileType = wrapper.application; includeInIndex = 0; path = kdkdkdd.app; sourceTree = BUILT_PRODUCTS_DIR; };
		825A0DC3230587690019769E /* AppDelegate.swift */ = {isa = PBXFileReference; lastKnownFileType = sourcecode.swift; path = AppDelegate.swift; sourceTree = "<group>"; };
		825A0DC5230587690019769E /* ViewController.swift */ = {isa = PBXFileReference; lastKnownFileType = sourcecode.swift; path = ViewController.swift; sourceTree = "<group>"; };
		825A0DC8230587690019769E /* Base */ = {isa = PBXFileReference; lastKnownFileType = file.storyboard; name = Base; path = Base.lproj/Main.storyboard; sourceTree = "<group>"; };
		825A0DCA2305876B0019769E /* Assets.xcassets */ = {isa = PBXFileReference; lastKnownFileType = folder.assetcatalog; path = Assets.xcassets; sourceTree = "<group>"; };
		825A0DCD2305876B0019769E /* Base */ = {isa = PBXFileReference; lastKnownFileType = file.storyboard; name = Base; path = Base.lproj/LaunchScreen.storyboard; sourceTree = "<group>"; };
		825A0DCF2305876B0019769E /* Info.plist */ = {isa = PBXFileReference; lastKnownFileType = text.plist.xml; path = Info.plist; sourceTree = "<group>"; };
		85A130F9F274B2B5EB8EA555 /* Pods-kdkdkdd.release.xcconfig */ = {isa = PBXFileReference; includeInIndex = 1; lastKnownFileType = text.xcconfig; name = "Pods-kdkdkdd.release.xcconfig"; path = "Target Support Files/Pods-kdkdkdd/Pods-kdkdkdd.release.xcconfig"; sourceTree = "<group>"; };
		A24AF6A98E63F5C7E97176BD /* Pods-kdkdkdd.debug.xcconfig */ = {isa = PBXFileReference; includeInIndex = 1; lastKnownFileType = text.xcconfig; name = "Pods-kdkdkdd.debug.xcconfig"; path = "Target Support Files/Pods-kdkdkdd/Pods-kdkdkdd.debug.xcconfig"; sourceTree = "<group>"; };
/* End PBXFileReference section */

/* Begin PBXFrameworksBuildPhase section */
		825A0DBD230587690019769E /* Frameworks */ = {
			isa = PBXFrameworksBuildPhase;
			buildActionMask = 2147483647;
			files = (
				69E8D24680E715BC400CBB07 /* Pods_kdkdkdd.framework in Frameworks */,
			);
			runOnlyForDeploymentPostprocessing = 0;
		};
/* End PBXFrameworksBuildPhase section */

/* Begin PBXGroup section */
		3956FA8A7177AC3932123A6C /* Frameworks */ = {
			isa = PBXGroup;
			children = (
				125B3A836521FA770748DEB0 /* Pods_kdkdkdd.framework */,
			);
			name = Frameworks;
			sourceTree = "<group>";
		};
		825A0DB7230587690019769E = {
			isa = PBXGroup;
			children = (
				825A0DC2230587690019769E /* kdkdkdd */,
				825A0DC1230587690019769E /* Products */,
				8D1C5A2DD90FD79BC7B0B5EA /* Pods */,
				3956FA8A7177AC3932123A6C /* Frameworks */,
			);
			sourceTree = "<group>";
		};
		825A0DC1230587690019769E /* Products */ = {
			isa = PBXGroup;
			children = (
				825A0DC0230587690019769E /* kdkdkdd.app */,
			);
			name = Products;
			sourceTree = "<group>";
		};
		825A0DC2230587690019769E /* kdkdkdd */ = {
			isa = PBXGroup;
			children = (
				824A57D12305E0D7002C0440 /* kdkdkdd.entitlements */,
				825A0DC3230587690019769E /* AppDelegate.swift */,
				825A0DC5230587690019769E /* ViewController.swift */,
				825A0DC7230587690019769E /* Main.storyboard */,
				825A0DCA2305876B0019769E /* Assets.xcassets */,
				825A0DCC2305876B0019769E /* LaunchScreen.storyboard */,
				825A0DCF2305876B0019769E /* Info.plist */,
			);
			path = kdkdkdd;
			sourceTree = "<group>";
		};
		8D1C5A2DD90FD79BC7B0B5EA /* Pods */ = {
			isa = PBXGroup;
			children = (
				A24AF6A98E63F5C7E97176BD /* Pods-kdkdkdd.debug.xcconfig */,
				85A130F9F274B2B5EB8EA555 /* Pods-kdkdkdd.release.xcconfig */,
			);
			path = Pods;
			sourceTree = "<group>";
		};
/* End PBXGroup section */

/* Begin PBXNativeTarget section */
		825A0DBF230587690019769E /* kdkdkdd */ = {
			isa = PBXNativeTarget;
			buildConfigurationList = 825A0DD22305876B0019769E /* Build configuration list for PBXNativeTarget "kdkdkdd" */;
			buildPhases = (
				C00323A0D3D97082DFFE5CE1 /* [CP] Check Pods Manifest.lock */,
				825A0DBC230587690019769E /* Sources */,
				825A0DBD230587690019769E /* Frameworks */,
				825A0DBE230587690019769E /* Resources */,
				636B9566380E77E8C98D75AA /* [CP] Embed Pods Frameworks */,
			);
			buildRules = (
			);
			dependencies = (
			);
			name = kdkdkdd;
			productName = kdkdkdd;
			productReference = 825A0DC0230587690019769E /* kdkdkdd.app */;
			productType = "com.apple.product-type.application";
		};
/* End PBXNativeTarget section */

/* Begin PBXProject section */
		825A0DB8230587690019769E /* Project object */ = {
			isa = PBXProject;
			attributes = {
				LastSwiftUpdateCheck = 1010;
				LastUpgradeCheck = 1010;
				ORGANIZATIONNAME = "Lanre Adelowo";
				TargetAttributes = {
					825A0DBF230587690019769E = {
						CreatedOnToolsVersion = 10.1;
						SystemCapabilities = {
							com.apple.Push = {
								enabled = 1;
							};
						};
					};
				};
			};
			buildConfigurationList = 825A0DBB230587690019769E /* Build configuration list for PBXProject "kdkdkdd" */;
			compatibilityVersion = "Xcode 9.3";
			developmentRegion = en;
			hasScannedForEncodings = 0;
			knownRegions = (
				en,
				Base,
			);
			mainGroup = 825A0DB7230587690019769E;
			productRefGroup = 825A0DC1230587690019769E /* Products */;
			projectDirPath = "";
			projectRoot = "";
			targets = (
				825A0DBF230587690019769E /* kdkdkdd */,
			);
		};
/* End PBXProject section */

/* Begin PBXResourcesBuildPhase section */
		825A0DBE230587690019769E /* Resources */ = {
			isa = PBXResourcesBuildPhase;
			buildActionMask = 2147483647;
			files = (
				825A0DCE2305876B0019769E /* LaunchScreen.storyboard in Resources */,
				825A0DCB2305876B0019769E /* Assets.xcassets in Resources */,
				825A0DC9230587690019769E /* Main.storyboard in Resources */,
			);
			runOnlyForDeploymentPostprocessing = 0;
		};
/* End PBXResourcesBuildPhase section */

/* Begin PBXShellScriptBuildPhase section */
		636B9566380E77E8C98D75AA /* [CP] Embed Pods Frameworks */ = {
			isa = PBXShellScriptBuildPhase;
			buildActionMask = 2147483647;
			files = (
			);
			inputFileListPaths = (
				"${PODS_ROOT}/Target Support Files/Pods-kdkdkdd/Pods-kdkdkdd-frameworks-${CONFIGURATION}-input-files.xcfilelist",
			);
			name = "[CP] Embed Pods Frameworks";
			outputFileListPaths = (
				"${PODS_ROOT}/Target Support Files/Pods-kdkdkdd/Pods-kdkdkdd-frameworks-${CONFIGURATION}-output-files.xcfilelist",
			);
			runOnlyForDeploymentPostprocessing = 0;
			shellPath = /bin/sh;
			shellScript = "\"${PODS_ROOT}/Target Support Files/Pods-kdkdkdd/Pods-kdkdkdd-frameworks.sh\"\n";
			showEnvVarsInLog = 0;
		};
		C00323A0D3D97082DFFE5CE1 /* [CP] Check Pods Manifest.lock */ = {
			isa = PBXShellScriptBuildPhase;
			buildActionMask = 2147483647;
			files = (
			);
			inputFileListPaths = (
			);
			inputPaths = (
				"${PODS_PODFILE_DIR_PATH}/Podfile.lock",
				"${PODS_ROOT}/Manifest.lock",
			);
			name = "[CP] Check Pods Manifest.lock";
			outputFileListPaths = (
			);
			outputPaths = (
				"$(DERIVED_FILE_DIR)/Pods-kdkdkdd-checkManifestLockResult.txt",
			);
			runOnlyForDeploymentPostprocessing = 0;
			shellPath = /bin/sh;
			shellScript = "diff \"${PODS_PODFILE_DIR_PATH}/Podfile.lock\" \"${PODS_ROOT}/Manifest.lock\" > /dev/null\nif [ $? != 0 ] ; then\n    # print error to STDERR\n    echo \"error: The sandbox is not in sync with the Podfile.lock. Run 'pod install' or update your CocoaPods installation.\" >&2\n    exit 1\nfi\n# This output is used by Xcode 'outputs' to avoid re-running this script phase.\necho \"SUCCESS\" > \"${SCRIPT_OUTPUT_FILE_0}\"\n";
			showEnvVarsInLog = 0;
		};
/* End PBXShellScriptBuildPhase section */

/* Begin PBXSourcesBuildPhase section */
		825A0DBC230587690019769E /* Sources */ = {
			isa = PBXSourcesBuildPhase;
			buildActionMask = 2147483647;
			files = (
				825A0DC6230587690019769E /* ViewController.swift in Sources */,
				825A0DC4230587690019769E /* AppDelegate.swift in Sources */,
			);
			runOnlyForDeploymentPostprocessing = 0;
		};
/* End PBXSourcesBuildPhase section */

/* Begin PBXVariantGroup section */
		825A0DC7230587690019769E /* Main.storyboard */ = {
			isa = PBXVariantGroup;
			children = (
				825A0DC8230587690019769E /* Base */,
			);
			name = Main.storyboard;
			sourceTree = "<group>";
		};
		825A0DCC2305876B0019769E /* LaunchScreen.storyboard */ = {
			isa = PBXVariantGroup;
			children = (
				825A0DCD2305876B0019769E /* Base */,
			);
			name = LaunchScreen.storyboard;
			sourceTree = "<group>";
		};
/* End PBXVariantGroup section */

/* Begin XCBuildConfiguration section */
		825A0DD02305876B0019769E /* Debug */ = {
			isa = XCBuildConfiguration;
			buildSettings = {
				ALWAYS_SEARCH_USER_PATHS = NO;
				CLANG_ANALYZER_NONNULL = YES;
				CLANG_ANALYZER_NUMBER_OBJECT_CONVERSION = YES_AGGRESSIVE;
				CLANG_CXX_LANGUAGE_STANDARD = "gnu++14";
				CLANG_CXX_LIBRARY = "libc++";
				CLANG_ENABLE_MODULES = YES;
				CLANG_ENABLE_OBJC_ARC = YES;
				CLANG_ENABLE_OBJC_WEAK = YES;
				CLANG_WARN_BLOCK_CAPTURE_AUTORELEASING = YES;
				CLANG_WARN_BOOL_CONVERSION = YES;
				CLANG_WARN_COMMA = YES;
				CLANG_WARN_CONSTANT_CONVERSION = YES;
				CLANG_WARN_DEPRECATED_OBJC_IMPLEMENTATIONS = YES;
				CLANG_WARN_DIRECT_OBJC_ISA_USAGE = YES_ERROR;
				CLANG_WARN_DOCUMENTATION_COMMENTS = YES;
				CLANG_WARN_EMPTY_BODY = YES;
				CLANG_WARN_ENUM_CONVERSION = YES;
				CLANG_WARN_INFINITE_RECURSION = YES;
				CLANG_WARN_INT_CONVERSION = YES;
				CLANG_WARN_NON_LITERAL_NULL_CONVERSION = YES;
				CLANG_WARN_OBJC_IMPLICIT_RETAIN_SELF = YES;
				CLANG_WARN_OBJC_LITERAL_CONVERSION = YES;
				CLANG_WARN_OBJC_ROOT_CLASS = YES_ERROR;
				CLANG_WARN_RANGE_LOOP_ANALYSIS = YES;
				CLANG_WARN_STRICT_PROTOTYPES = YES;
				CLANG_WARN_SUSPICIOUS_MOVE = YES;
				CLANG_WARN_UNGUARDED_AVAILABILITY = YES_AGGRESSIVE;
				CLANG_WARN_UNREACHABLE_CODE = YES;
				CLANG_WARN__DUPLICATE_METHOD_MATCH = YES;
				CODE_SIGN_IDENTITY = "iPhone Developer";
				COPY_PHASE_STRIP = NO;
				DEBUG_INFORMATION_FORMAT = dwarf;
				ENABLE_STRICT_OBJC_MSGSEND = YES;
				ENABLE_TESTABILITY = YES;
				GCC_C_LANGUAGE_STANDARD = gnu11;
				GCC_DYNAMIC_NO_PIC = NO;
				GCC_NO_COMMON_BLOCKS = YES;
				GCC_OPTIMIZATION_LEVEL = 0;
				GCC_PREPROCESSOR_DEFINITIONS = (
					"DEBUG=1",
					"$(inherited)",
				);
				GCC_WARN_64_TO_32_BIT_CONVERSION = YES;
				GCC_WARN_ABOUT_RETURN_TYPE = YES_ERROR;
				GCC_WARN_UNDECLARED_SELECTOR = YES;
				GCC_WARN_UNINITIALIZED_AUTOS = YES_AGGRESSIVE;
				GCC_WARN_UNUSED_FUNCTION = YES;
				GCC_WARN_UNUSED_VARIABLE = YES;
				IPHONEOS_DEPLOYMENT_TARGET = 12.1;
				MTL_ENABLE_DEBUG_INFO = INCLUDE_SOURCE;
				MTL_FAST_MATH = YES;
				ONLY_ACTIVE_ARCH = YES;
				SDKROOT = iphoneos;
				SWIFT_ACTIVE_COMPILATION_CONDITIONS = DEBUG;
				SWIFT_OPTIMIZATION_LEVEL = "-Onone";
			};
			name = Debug;
		};
		825A0DD12305876B0019769E /* Release */ = {
			isa = XCBuildConfiguration;
			buildSettings = {
				ALWAYS_SEARCH_USER_PATHS = NO;
				CLANG_ANALYZER_NONNULL = YES;
				CLANG_ANALYZER_NUMBER_OBJECT_CONVERSION = YES_AGGRESSIVE;
				CLANG_CXX_LANGUAGE_STANDARD = "gnu++14";
				CLANG_CXX_LIBRARY = "libc++";
				CLANG_ENABLE_MODULES = YES;
				CLANG_ENABLE_OBJC_ARC = YES;
				CLANG_ENABLE_OBJC_WEAK = YES;
				CLANG_WARN_BLOCK_CAPTURE_AUTORELEASING = YES;
				CLANG_WARN_BOOL_CONVERSION = YES;
				CLANG_WARN_COMMA = YES;
				CLANG_WARN_CONSTANT_CONVERSION = YES;
				CLANG_WARN_DEPRECATED_OBJC_IMPLEMENTATIONS = YES;
				CLANG_WARN_DIRECT_OBJC_ISA_USAGE = YES_ERROR;
				CLANG_WARN_DOCUMENTATION_COMMENTS = YES;
				CLANG_WARN_EMPTY_BODY = YES;
				CLANG_WARN_ENUM_CONVERSION = YES;
				CLANG_WARN_INFINITE_RECURSION = YES;
				CLANG_WARN_INT_CONVERSION = YES;
				CLANG_WARN_NON_LITERAL_NULL_CONVERSION = YES;
				CLANG_WARN_OBJC_IMPLICIT_RETAIN_SELF = YES;
				CLANG_WARN_OBJC_LITERAL_CONVERSION = YES;
				CLANG_WARN_OBJC_ROOT_CLASS = YES_ERROR;
				CLANG_WARN_RANGE_LOOP_ANALYSIS = YES;
				CLANG_WARN_STRICT_PROTOTYPES = YES;
				CLANG_WARN_SUSPICIOUS_MOVE = YES;
				CLANG_WARN_UNGUARDED_AVAILABILITY = YES_AGGRESSIVE;
				CLANG_WARN_UNREACHABLE_CODE = YES;
				CLANG_WARN__DUPLICATE_METHOD_MATCH = YES;
				CODE_SIGN_IDENTITY = "iPhone Developer";
				COPY_PHASE_STRIP = NO;
				DEBUG_INFORMATION_FORMAT = "dwarf-with-dsym";
				ENABLE_NS_ASSERTIONS = NO;
				ENABLE_STRICT_OBJC_MSGSEND = YES;
				GCC_C_LANGUAGE_STANDARD = gnu11;
				GCC_NO_COMMON_BLOCKS = YES;
				GCC_WARN_64_TO_32_BIT_CONVERSION = YES;
				GCC_WARN_ABOUT_RETURN_TYPE = YES_ERROR;
				GCC_WARN_UNDECLARED_SELECTOR = YES;
				GCC_WARN_UNINITIALIZED_AUTOS = YES_AGGRESSIVE;
				GCC_WARN_UNUSED_FUNCTION = YES;
				GCC_WARN_UNUSED_VARIABLE = YES;
				IPHONEOS_DEPLOYMENT_TARGET = 12.1;
				MTL_ENABLE_DEBUG_INFO = NO;
				MTL_FAST_MATH = YES;
				SDKROOT = iphoneos;
				SWIFT_COMPILATION_MODE = wholemodule;
				SWIFT_OPTIMIZATION_LEVEL = "-O";
				VALIDATE_PRODUCT = YES;
			};
			name = Release;
		};
		825A0DD32305876B0019769E /* Debug */ = {
			isa = XCBuildConfiguration;
			baseConfigurationReference = A24AF6A98E63F5C7E97176BD /* Pods-kdkdkdd.debug.xcconfig */;
			buildSettings = {
				ASSETCATALOG_COMPILER_APPICON_NAME = AppIcon;
				CODE_SIGN_ENTITLEMENTS = kdkdkdd/kdkdkdd.entitlements;
				CODE_SIGN_STYLE = Automatic;
				DEVELOPMENT_TEAM = 2VDK236TF5;
				INFOPLIST_FILE = kdkdkdd/Info.plist;
				LD_RUNPATH_SEARCH_PATHS = (
					"$(inherited)",
					"@executable_path/Frameworks",
				);
				PRODUCT_BUNDLE_IDENTIFIER = lanre.wtf.webhookSlacks;
				PRODUCT_NAME = "$(TARGET_NAME)";
				SWIFT_VERSION = 4.2;
				TARGETED_DEVICE_FAMILY = "1,2";
			};
			name = Debug;
		};
		825A0DD42305876B0019769E /* Release */ = {
			isa = XCBuildConfiguration;
			baseConfigurationReference = 85A130F9F274B2B5EB8EA555 /* Pods-kdkdkdd.release.xcconfig */;
			buildSettings = {
				ASSETCATALOG_COMPILER_APPICON_NAME = AppIcon;
				CODE_SIGN_ENTITLEMENTS = kdkdkdd/kdkdkdd.entitlements;
				CODE_SIGN_STYLE = Automatic;
				DEVELOPMENT_TEAM = 2VDK236TF5;
				INFOPLIST_FILE = kdkdkdd/Info.plist;
				LD_RUNPATH_SEARCH_PATHS = (
					"$(inherited)",
					"@executable_path/Frameworks",
				);
				PRODUCT_BUNDLE_IDENTIFIER = lanre.wtf.webhookSlacks;
				PRODUCT_NAME = "$(TARGET_NAME)";
				SWIFT_VERSION = 4.2;
				TARGETED_DEVICE_FAMILY = "1,2";
			};
			name = Release;
		};
/* End XCBuildConfiguration section */

/* Begin XCConfigurationList section */
		825A0DBB230587690019769E /* Build configuration list for PBXProject "kdkdkdd" */ = {
			isa = XCConfigurationList;
			buildConfigurations = (
				825A0DD02305876B0019769E /* Debug */,
				825A0DD12305876B0019769E /* Release */,
			);
			defaultConfigurationIsVisible = 0;
			defaultConfigurationName = Release;
		};
		825A0DD22305876B0019769E /* Build configuration list for PBXNativeTarget "kdkdkdd" */ = {
			isa = XCConfigurationList;
			buildConfigurations = (
				825A0DD32305876B0019769E /* Debug */,
				825A0DD42305876B0019769E /* Release */,
			);
			defaultConfigurationIsVisible = 0;
			defaultConfigurationName = Release;
		};
/* End XCConfigurationList section */
	};
	rootObject = 825A0DB8230587690019769E /* Project object */;
}
